
Microsoft Visual Studio Solution File, Format Version 12.00
# Visual Studio Version 17
VisualStudioVersion = 17.14.36414.22 d17.14
MinimumVisualStudioVersion = 10.0.40219.1
Project("{FAE04EC0-301F-11D3-BF4B-00C04F79EFBC}") = "Minesweeper.Cli", "Minesweeper.Cli\Minesweeper.Cli.csproj", "{C2A68BD6-9304-4B78-A6FB-FD91DADC11D8}"
EndProject
Project("{FAE04EC0-301F-11D3-BF4B-00C04F79EFBC}") = "Minesweeper.Core", "Minesweeper.Core\Minesweeper.Core.csproj", "{E405B7EB-3C10-4D5B-87FE-23A2B4D5ABDE}"
EndProject
Global
	GlobalSection(SolutionConfigurationPlatforms) = preSolution
		Debug|Any CPU = Debug|Any CPU
		Release|Any CPU = Release|Any CPU
	EndGlobalSection
	GlobalSection(ProjectConfigurationPlatforms) = postSolution
		{C2A68BD6-9304-4B78-A6FB-FD91DADC11D8}.Debug|Any CPU.ActiveCfg = Debug|Any CPU
		{C2A68BD6-9304-4B78-A6FB-FD91DADC11D8}.Debug|Any CPU.Build.0 = Debug|Any CPU
		{C2A68BD6-9304-4B78-A6FB-FD91DADC11D8}.Release|Any CPU.ActiveCfg = Release|Any CPU
		{C2A68BD6-9304-4B78-A6FB-FD91DADC11D8}.Release|Any CPU.Build.0 = Release|Any CPU
		{E405B7EB-3C10-4D5B-87FE-23A2B4D5ABDE}.Debug|Any CPU.ActiveCfg = Debug|Any CPU
		{E405B7EB-3C10-4D5B-87FE-23A2B4D5ABDE}.Debug|Any CPU.Build.0 = Debug|Any CPU
		{E405B7EB-3C10-4D5B-87FE-23A2B4D5ABDE}.Release|Any CPU.ActiveCfg = Release|Any CPU
		{E405B7EB-3C10-4D5B-87FE-23A2B4D5ABDE}.Release|Any CPU.Build.0 = Release|Any CPU
	EndGlobalSection
	GlobalSection(SolutionProperties) = preSolution
		HideSolutionNode = FALSE
	EndGlobalSection
	GlobalSection(ExtensibilityGlobals) = postSolution
		SolutionGuid = {717CE068-03DB-49B1-B657-BEAD77F65389}
	EndGlobalSection
EndGlobal
